
Microsoft Visual Studio Solution File, Format Version 12.00
# Visual Studio Version 17
VisualStudioVersion = 17.6.33712.159
MinimumVisualStudioVersion = 10.0.40219.1
Project("{FAE04EC0-301F-11D3-BF4B-00C04F79EFBC}") = "MagicVilla_API", "MagicVilla_API\MagicVilla_API.csproj", "{85DF59CA-9CDF-41BC-BB84-F6AC5E046F65}"
EndProject
Global
	GlobalSection(SolutionConfigurationPlatforms) = preSolution
		Debug|Any CPU = Debug|Any CPU
		Release|Any CPU = Release|Any CPU
	EndGlobalSection
	GlobalSection(ProjectConfigurationPlatforms) = postSolution
		{85DF59CA-9CDF-41BC-BB84-F6AC5E046F65}.Debug|Any CPU.ActiveCfg = Debug|Any CPU
		{85DF59CA-9CDF-41BC-BB84-F6AC5E046F65}.Debug|Any CPU.Build.0 = Debug|Any CPU
		{85DF59CA-9CDF-41BC-BB84-F6AC5E046F65}.Release|Any CPU.ActiveCfg = Release|Any CPU
		{85DF59CA-9CDF-41BC-BB84-F6AC5E046F65}.Release|Any CPU.Build.0 = Release|Any CPU
	EndGlobalSection
	GlobalSection(SolutionProperties) = preSolution
		HideSolutionNode = FALSE
	EndGlobalSection
	GlobalSection(ExtensibilityGlobals) = postSolution
		SolutionGuid = {A1D56C36-347A-4B93-98F4-D497420C92B6}
	EndGlobalSection
EndGlobal
